
Microsoft Visual Studio Solution File, Format Version 12.00
# Visual Studio Version 16
VisualStudioVersion = 16.0.29613.14
MinimumVisualStudioVersion = 10.0.40219.1
Project("{9A19103F-16F7-4668-BE54-9A1E7A4F7556}") = "Blackjack", "Blackjack\Blackjack.csproj", "{DC9CE079-7A94-4631-B9BF-F0B0FD2E5178}"
EndProject
Project("{FAE04EC0-301F-11D3-BF4B-00C04F79EFBC}") = "Blackjack.Core", "Blackjack.Core\Blackjack.Core.csproj", "{7E772419-F042-4DF7-8197-CDF31D2F0D9C}"
EndProject
Project("{FAE04EC0-301F-11D3-BF4B-00C04F79EFBC}") = "Tests", "Tests\Tests.csproj", "{25E2FB74-34D4-49D6-8C35-CBE8FD73D518}"
EndProject
Global
	GlobalSection(SolutionConfigurationPlatforms) = preSolution
		Debug|Any CPU = Debug|Any CPU
		Release|Any CPU = Release|Any CPU
	EndGlobalSection
	GlobalSection(ProjectConfigurationPlatforms) = postSolution
		{DC9CE079-7A94-4631-B9BF-F0B0FD2E5178}.Debug|Any CPU.ActiveCfg = Debug|Any CPU
		{DC9CE079-7A94-4631-B9BF-F0B0FD2E5178}.Debug|Any CPU.Build.0 = Debug|Any CPU
		{DC9CE079-7A94-4631-B9BF-F0B0FD2E5178}.Release|Any CPU.ActiveCfg = Release|Any CPU
		{DC9CE079-7A94-4631-B9BF-F0B0FD2E5178}.Release|Any CPU.Build.0 = Release|Any CPU
		{7E772419-F042-4DF7-8197-CDF31D2F0D9C}.Debug|Any CPU.ActiveCfg = Debug|Any CPU
		{7E772419-F042-4DF7-8197-CDF31D2F0D9C}.Debug|Any CPU.Build.0 = Debug|Any CPU
		{7E772419-F042-4DF7-8197-CDF31D2F0D9C}.Release|Any CPU.ActiveCfg = Release|Any CPU
		{7E772419-F042-4DF7-8197-CDF31D2F0D9C}.Release|Any CPU.Build.0 = Release|Any CPU
		{25E2FB74-34D4-49D6-8C35-CBE8FD73D518}.Debug|Any CPU.ActiveCfg = Debug|Any CPU
		{25E2FB74-34D4-49D6-8C35-CBE8FD73D518}.Debug|Any CPU.Build.0 = Debug|Any CPU
		{25E2FB74-34D4-49D6-8C35-CBE8FD73D518}.Release|Any CPU.ActiveCfg = Release|Any CPU
		{25E2FB74-34D4-49D6-8C35-CBE8FD73D518}.Release|Any CPU.Build.0 = Release|Any CPU
	EndGlobalSection
	GlobalSection(SolutionProperties) = preSolution
		HideSolutionNode = FALSE
	EndGlobalSection
	GlobalSection(ExtensibilityGlobals) = postSolution
		SolutionGuid = {4118EA08-DD4F-4712-B256-0503997872A7}
	EndGlobalSection
EndGlobal
